
Microsoft Visual Studio Solution File, Format Version 12.00
# Visual Studio Version 16
VisualStudioVersion = 16.0.31729.503
MinimumVisualStudioVersion = 10.0.40219.1
Project("{9A19103F-16F7-4668-BE54-9A1E7A4F7556}") = "UNOLibrary", "UNOLibrary\UNOLibrary.csproj", "{5CD11771-4AE5-415E-B727-6A2482BD06AF}"
EndProject
Project("{9A19103F-16F7-4668-BE54-9A1E7A4F7556}") = "UNOConsoleClient", "UNOConsoleClient\UNOConsoleClient.csproj", "{F2B0F4AF-5517-4057-BB5B-407D5C435DCC}"
	ProjectSection(ProjectDependencies) = postProject
		{5CD11771-4AE5-415E-B727-6A2482BD06AF} = {5CD11771-4AE5-415E-B727-6A2482BD06AF}
	EndProjectSection
EndProject
Global
	GlobalSection(SolutionConfigurationPlatforms) = preSolution
		Debug|Any CPU = Debug|Any CPU
		Release|Any CPU = Release|Any CPU
	EndGlobalSection
	GlobalSection(ProjectConfigurationPlatforms) = postSolution
		{5CD11771-4AE5-415E-B727-6A2482BD06AF}.Debug|Any CPU.ActiveCfg = Debug|Any CPU
		{5CD11771-4AE5-415E-B727-6A2482BD06AF}.Debug|Any CPU.Build.0 = Debug|Any CPU
		{5CD11771-4AE5-415E-B727-6A2482BD06AF}.Release|Any CPU.ActiveCfg = Release|Any CPU
		{5CD11771-4AE5-415E-B727-6A2482BD06AF}.Release|Any CPU.Build.0 = Release|Any CPU
		{F2B0F4AF-5517-4057-BB5B-407D5C435DCC}.Debug|Any CPU.ActiveCfg = Debug|Any CPU
		{F2B0F4AF-5517-4057-BB5B-407D5C435DCC}.Debug|Any CPU.Build.0 = Debug|Any CPU
		{F2B0F4AF-5517-4057-BB5B-407D5C435DCC}.Release|Any CPU.ActiveCfg = Release|Any CPU
		{F2B0F4AF-5517-4057-BB5B-407D5C435DCC}.Release|Any CPU.Build.0 = Release|Any CPU
	EndGlobalSection
	GlobalSection(SolutionProperties) = preSolution
		HideSolutionNode = FALSE
	EndGlobalSection
	GlobalSection(ExtensibilityGlobals) = postSolution
		SolutionGuid = {618F74E3-F747-4F7C-88CC-2A43DEEE8801}
	EndGlobalSection
EndGlobal
